
Microsoft Visual Studio Solution File, Format Version 12.00
# Visual Studio Version 17
VisualStudioVersion = 17.1.32414.318
MinimumVisualStudioVersion = 10.0.40219.1
Project("{FAE04EC0-301F-11D3-BF4B-00C04F79EFBC}") = "FundooNotes", "FundooNotes\FundooNotes.csproj", "{E5B834DB-FB42-442C-880C-5EA9E75CBAAB}"
EndProject
Project("{FAE04EC0-301F-11D3-BF4B-00C04F79EFBC}") = "ReposatoryLayer", "ReposatoryLayer\ReposatoryLayer.csproj", "{50BF8594-4DFD-4A69-BEAE-07233835F0D7}"
EndProject
Project("{FAE04EC0-301F-11D3-BF4B-00C04F79EFBC}") = "DataBaseLayer", "DataBaseLayer\DataBaseLayer.csproj", "{DCCCEF97-9D56-4A7F-AAFF-8CDA6D3A680D}"
EndProject
Project("{FAE04EC0-301F-11D3-BF4B-00C04F79EFBC}") = "BusinessLayer", "BusinessLayer\BusinessLayer.csproj", "{72F259E3-CA79-4C7F-BDC5-E18680253070}"
EndProject
Global
	GlobalSection(SolutionConfigurationPlatforms) = preSolution
		Debug|Any CPU = Debug|Any CPU
		Release|Any CPU = Release|Any CPU
	EndGlobalSection
	GlobalSection(ProjectConfigurationPlatforms) = postSolution
		{E5B834DB-FB42-442C-880C-5EA9E75CBAAB}.Debug|Any CPU.ActiveCfg = Debug|Any CPU
		{E5B834DB-FB42-442C-880C-5EA9E75CBAAB}.Debug|Any CPU.Build.0 = Debug|Any CPU
		{E5B834DB-FB42-442C-880C-5EA9E75CBAAB}.Release|Any CPU.ActiveCfg = Release|Any CPU
		{E5B834DB-FB42-442C-880C-5EA9E75CBAAB}.Release|Any CPU.Build.0 = Release|Any CPU
		{50BF8594-4DFD-4A69-BEAE-07233835F0D7}.Debug|Any CPU.ActiveCfg = Debug|Any CPU
		{50BF8594-4DFD-4A69-BEAE-07233835F0D7}.Debug|Any CPU.Build.0 = Debug|Any CPU
		{50BF8594-4DFD-4A69-BEAE-07233835F0D7}.Release|Any CPU.ActiveCfg = Release|Any CPU
		{50BF8594-4DFD-4A69-BEAE-07233835F0D7}.Release|Any CPU.Build.0 = Release|Any CPU
		{DCCCEF97-9D56-4A7F-AAFF-8CDA6D3A680D}.Debug|Any CPU.ActiveCfg = Debug|Any CPU
		{DCCCEF97-9D56-4A7F-AAFF-8CDA6D3A680D}.Debug|Any CPU.Build.0 = Debug|Any CPU
		{DCCCEF97-9D56-4A7F-AAFF-8CDA6D3A680D}.Release|Any CPU.ActiveCfg = Release|Any CPU
		{DCCCEF97-9D56-4A7F-AAFF-8CDA6D3A680D}.Release|Any CPU.Build.0 = Release|Any CPU
		{72F259E3-CA79-4C7F-BDC5-E18680253070}.Debug|Any CPU.ActiveCfg = Debug|Any CPU
		{72F259E3-CA79-4C7F-BDC5-E18680253070}.Debug|Any CPU.Build.0 = Debug|Any CPU
		{72F259E3-CA79-4C7F-BDC5-E18680253070}.Release|Any CPU.ActiveCfg = Release|Any CPU
		{72F259E3-CA79-4C7F-BDC5-E18680253070}.Release|Any CPU.Build.0 = Release|Any CPU
	EndGlobalSection
	GlobalSection(SolutionProperties) = preSolution
		HideSolutionNode = FALSE
	EndGlobalSection
	GlobalSection(ExtensibilityGlobals) = postSolution
		SolutionGuid = {994B681E-4E89-430E-8E4C-93D6CA610F1D}
	EndGlobalSection
EndGlobal
